
Microsoft Visual Studio Solution File, Format Version 12.00
# Visual Studio Version 16
VisualStudioVersion = 16.0.28803.202
MinimumVisualStudioVersion = 10.0.40219.1
Project("{FAE04EC0-301F-11D3-BF4B-00C04F79EFBC}") = "Vidly", "Vidly\Vidly.csproj", "{0E9E08FF-2EE6-402D-BA8F-DF5103FD083A}"
EndProject
Global
	GlobalSection(SolutionConfigurationPlatforms) = preSolution
		Debug|Any CPU = Debug|Any CPU
		Release|Any CPU = Release|Any CPU
	EndGlobalSection
	GlobalSection(ProjectConfigurationPlatforms) = postSolution
		{0E9E08FF-2EE6-402D-BA8F-DF5103FD083A}.Debug|Any CPU.ActiveCfg = Debug|Any CPU
		{0E9E08FF-2EE6-402D-BA8F-DF5103FD083A}.Debug|Any CPU.Build.0 = Debug|Any CPU
		{0E9E08FF-2EE6-402D-BA8F-DF5103FD083A}.Release|Any CPU.ActiveCfg = Release|Any CPU
		{0E9E08FF-2EE6-402D-BA8F-DF5103FD083A}.Release|Any CPU.Build.0 = Release|Any CPU
	EndGlobalSection
	GlobalSection(SolutionProperties) = preSolution
		HideSolutionNode = FALSE
	EndGlobalSection
	GlobalSection(ExtensibilityGlobals) = postSolution
		SolutionGuid = {1C53DBE2-79A3-44E9-B4D0-1FFDCFBF886E}
	EndGlobalSection
EndGlobal
